// !$*UTF8*$!
{
	archiveVersion = 1;
	classes = {
	};
	objectVersion = 56;
	objects = {

/* Begin PBXBuildFile section */
		957BC8772A23CC360079B43B /* AppCell.swift in Sources */ = {isa = PBXBuildFile; fileRef = 957BC8762A23CC360079B43B /* AppCell.swift */; };
		957BC8792A23D17E0079B43B /* UITableViewCell+Extension.swift in Sources */ = {isa = PBXBuildFile; fileRef = 957BC8782A23D17E0079B43B /* UITableViewCell+Extension.swift */; };
		957BC87C2A2481DB0079B43B /* GameNewsView.swift in Sources */ = {isa = PBXBuildFile; fileRef = 957BC87B2A2481DB0079B43B /* GameNewsView.swift */; };
		957BC87E2A2481E60079B43B /* GameNewsPresenter.swift in Sources */ = {isa = PBXBuildFile; fileRef = 957BC87D2A2481E60079B43B /* GameNewsPresenter.swift */; };
		95D5A6162A21EFBB006ACBC8 /* AppDelegate.swift in Sources */ = {isa = PBXBuildFile; fileRef = 95D5A6152A21EFBB006ACBC8 /* AppDelegate.swift */; };
		95D5A6182A21EFBB006ACBC8 /* SceneDelegate.swift in Sources */ = {isa = PBXBuildFile; fileRef = 95D5A6172A21EFBB006ACBC8 /* SceneDelegate.swift */; };
		95D5A61A2A21EFBB006ACBC8 /* ListGamesController.swift in Sources */ = {isa = PBXBuildFile; fileRef = 95D5A6192A21EFBB006ACBC8 /* ListGamesController.swift */; };
		95D5A61F2A21EFBC006ACBC8 /* Assets.xcassets in Resources */ = {isa = PBXBuildFile; fileRef = 95D5A61E2A21EFBC006ACBC8 /* Assets.xcassets */; };
		95D5A6222A21EFBC006ACBC8 /* LaunchScreen.storyboard in Resources */ = {isa = PBXBuildFile; fileRef = 95D5A6202A21EFBC006ACBC8 /* LaunchScreen.storyboard */; };
		95D5A6312A21F80A006ACBC8 /* ModuleBuilder.swift in Sources */ = {isa = PBXBuildFile; fileRef = 95D5A6302A21F80A006ACBC8 /* ModuleBuilder.swift */; };
		95D5A6332A21F827006ACBC8 /* Router.swift in Sources */ = {isa = PBXBuildFile; fileRef = 95D5A6322A21F827006ACBC8 /* Router.swift */; };
		95D5A6352A22064F006ACBC8 /* ListGamesPresenter.swift in Sources */ = {isa = PBXBuildFile; fileRef = 95D5A6342A22064F006ACBC8 /* ListGamesPresenter.swift */; };
		95D5A6372A2206DC006ACBC8 /* NetworkService.swift in Sources */ = {isa = PBXBuildFile; fileRef = 95D5A6362A2206DC006ACBC8 /* NetworkService.swift */; };
		95D5A63A2A220740006ACBC8 /* AppsResponse.swift in Sources */ = {isa = PBXBuildFile; fileRef = 95D5A6392A220740006ACBC8 /* AppsResponse.swift */; };
		95D5A63C2A220B20006ACBC8 /* NetworkError.swift in Sources */ = {isa = PBXBuildFile; fileRef = 95D5A63B2A220B20006ACBC8 /* NetworkError.swift */; };
/* End PBXBuildFile section */

/* Begin PBXFileReference section */
		957BC8762A23CC360079B43B /* AppCell.swift */ = {isa = PBXFileReference; lastKnownFileType = sourcecode.swift; path = AppCell.swift; sourceTree = "<group>"; };
		957BC8782A23D17E0079B43B /* UITableViewCell+Extension.swift */ = {isa = PBXFileReference; lastKnownFileType = sourcecode.swift; path = "UITableViewCell+Extension.swift"; sourceTree = "<group>"; };
		957BC87B2A2481DB0079B43B /* GameNewsView.swift */ = {isa = PBXFileReference; lastKnownFileType = sourcecode.swift; path = GameNewsView.swift; sourceTree = "<group>"; };
		957BC87D2A2481E60079B43B /* GameNewsPresenter.swift */ = {isa = PBXFileReference; lastKnownFileType = sourcecode.swift; path = GameNewsPresenter.swift; sourceTree = "<group>"; };
		95D5A6122A21EFBB006ACBC8 /* SteamGames.app */ = {isa = PBXFileReference; explicitFileType = wrapper.application; includeInIndex = 0; path = SteamGames.app; sourceTree = BUILT_PRODUCTS_DIR; };
		95D5A6152A21EFBB006ACBC8 /* AppDelegate.swift */ = {isa = PBXFileReference; lastKnownFileType = sourcecode.swift; path = AppDelegate.swift; sourceTree = "<group>"; };
		95D5A6172A21EFBB006ACBC8 /* SceneDelegate.swift */ = {isa = PBXFileReference; lastKnownFileType = sourcecode.swift; path = SceneDelegate.swift; sourceTree = "<group>"; };
		95D5A6192A21EFBB006ACBC8 /* ListGamesController.swift */ = {isa = PBXFileReference; lastKnownFileType = sourcecode.swift; path = ListGamesController.swift; sourceTree = "<group>"; };
		95D5A61E2A21EFBC006ACBC8 /* Assets.xcassets */ = {isa = PBXFileReference; lastKnownFileType = folder.assetcatalog; path = Assets.xcassets; sourceTree = "<group>"; };
		95D5A6212A21EFBC006ACBC8 /* Base */ = {isa = PBXFileReference; lastKnownFileType = file.storyboard; name = Base; path = Base.lproj/LaunchScreen.storyboard; sourceTree = "<group>"; };
		95D5A6232A21EFBC006ACBC8 /* Info.plist */ = {isa = PBXFileReference; lastKnownFileType = text.plist.xml; path = Info.plist; sourceTree = "<group>"; };
		95D5A6302A21F80A006ACBC8 /* ModuleBuilder.swift */ = {isa = PBXFileReference; lastKnownFileType = sourcecode.swift; path = ModuleBuilder.swift; sourceTree = "<group>"; };
		95D5A6322A21F827006ACBC8 /* Router.swift */ = {isa = PBXFileReference; lastKnownFileType = sourcecode.swift; path = Router.swift; sourceTree = "<group>"; };
		95D5A6342A22064F006ACBC8 /* ListGamesPresenter.swift */ = {isa = PBXFileReference; lastKnownFileType = sourcecode.swift; path = ListGamesPresenter.swift; sourceTree = "<group>"; };
		95D5A6362A2206DC006ACBC8 /* NetworkService.swift */ = {isa = PBXFileReference; lastKnownFileType = sourcecode.swift; path = NetworkService.swift; sourceTree = "<group>"; };
		95D5A6392A220740006ACBC8 /* AppsResponse.swift */ = {isa = PBXFileReference; lastKnownFileType = sourcecode.swift; path = AppsResponse.swift; sourceTree = "<group>"; };
		95D5A63B2A220B20006ACBC8 /* NetworkError.swift */ = {isa = PBXFileReference; lastKnownFileType = sourcecode.swift; path = NetworkError.swift; sourceTree = "<group>"; };
/* End PBXFileReference section */

/* Begin PBXFrameworksBuildPhase section */
		95D5A60F2A21EFBB006ACBC8 /* Frameworks */ = {
			isa = PBXFrameworksBuildPhase;
			buildActionMask = 2147483647;
			files = (
			);
			runOnlyForDeploymentPostprocessing = 0;
		};
/* End PBXFrameworksBuildPhase section */

/* Begin PBXGroup section */
		957BC8742A23CBE90079B43B /* ListGames */ = {
			isa = PBXGroup;
			children = (
				957BC8752A23CC010079B43B /* View */,
				95D5A6192A21EFBB006ACBC8 /* ListGamesController.swift */,
				95D5A6342A22064F006ACBC8 /* ListGamesPresenter.swift */,
			);
			path = ListGames;
			sourceTree = "<group>";
		};
		957BC8752A23CC010079B43B /* View */ = {
			isa = PBXGroup;
			children = (
				957BC8762A23CC360079B43B /* AppCell.swift */,
			);
			path = View;
			sourceTree = "<group>";
		};
		957BC87A2A2481600079B43B /* GameNews */ = {
			isa = PBXGroup;
			children = (
				957BC87B2A2481DB0079B43B /* GameNewsView.swift */,
				957BC87D2A2481E60079B43B /* GameNewsPresenter.swift */,
			);
			path = GameNews;
			sourceTree = "<group>";
		};
		95D5A6092A21EFBB006ACBC8 = {
			isa = PBXGroup;
			children = (
				95D5A6142A21EFBB006ACBC8 /* SteamGames */,
				95D5A6132A21EFBB006ACBC8 /* Products */,
			);
			sourceTree = "<group>";
		};
		95D5A6132A21EFBB006ACBC8 /* Products */ = {
			isa = PBXGroup;
			children = (
				95D5A6122A21EFBB006ACBC8 /* SteamGames.app */,
			);
			name = Products;
			sourceTree = "<group>";
		};
		95D5A6142A21EFBB006ACBC8 /* SteamGames */ = {
			isa = PBXGroup;
			children = (
				95D5A6292A21F770006ACBC8 /* App */,
				95D5A62D2A21F7AC006ACBC8 /* Builder */,
				95D5A62C2A21F7A0006ACBC8 /* Extension */,
				95D5A6382A22072E006ACBC8 /* Model */,
				95D5A62F2A21F7BB006ACBC8 /* NetworkService */,
				95D5A62A2A21F783006ACBC8 /* Resource */,
				95D5A62E2A21F7B4006ACBC8 /* Router */,
				95D5A62B2A21F793006ACBC8 /* Screen */,
			);
			path = SteamGames;
			sourceTree = "<group>";
		};
		95D5A6292A21F770006ACBC8 /* App */ = {
			isa = PBXGroup;
			children = (
				95D5A6152A21EFBB006ACBC8 /* AppDelegate.swift */,
				95D5A6172A21EFBB006ACBC8 /* SceneDelegate.swift */,
			);
			path = App;
			sourceTree = "<group>";
		};
		95D5A62A2A21F783006ACBC8 /* Resource */ = {
			isa = PBXGroup;
			children = (
				95D5A61E2A21EFBC006ACBC8 /* Assets.xcassets */,
				95D5A6202A21EFBC006ACBC8 /* LaunchScreen.storyboard */,
				95D5A6232A21EFBC006ACBC8 /* Info.plist */,
			);
			path = Resource;
			sourceTree = "<group>";
		};
		95D5A62B2A21F793006ACBC8 /* Screen */ = {
			isa = PBXGroup;
			children = (
				957BC87A2A2481600079B43B /* GameNews */,
				957BC8742A23CBE90079B43B /* ListGames */,
			);
			path = Screen;
			sourceTree = "<group>";
		};
		95D5A62C2A21F7A0006ACBC8 /* Extension */ = {
			isa = PBXGroup;
			children = (
				957BC8782A23D17E0079B43B /* UITableViewCell+Extension.swift */,
			);
			path = Extension;
			sourceTree = "<group>";
		};
		95D5A62D2A21F7AC006ACBC8 /* Builder */ = {
			isa = PBXGroup;
			children = (
				95D5A6302A21F80A006ACBC8 /* ModuleBuilder.swift */,
			);
			path = Builder;
			sourceTree = "<group>";
		};
		95D5A62E2A21F7B4006ACBC8 /* Router */ = {
			isa = PBXGroup;
			children = (
				95D5A6322A21F827006ACBC8 /* Router.swift */,
			);
			path = Router;
			sourceTree = "<group>";
		};
		95D5A62F2A21F7BB006ACBC8 /* NetworkService */ = {
			isa = PBXGroup;
			children = (
				95D5A6362A2206DC006ACBC8 /* NetworkService.swift */,
			);
			path = NetworkService;
			sourceTree = "<group>";
		};
		95D5A6382A22072E006ACBC8 /* Model */ = {
			isa = PBXGroup;
			children = (
				95D5A6392A220740006ACBC8 /* AppsResponse.swift */,
				95D5A63B2A220B20006ACBC8 /* NetworkError.swift */,
			);
			path = Model;
			sourceTree = "<group>";
		};
/* End PBXGroup section */

/* Begin PBXNativeTarget section */
		95D5A6112A21EFBB006ACBC8 /* SteamGames */ = {
			isa = PBXNativeTarget;
			buildConfigurationList = 95D5A6262A21EFBC006ACBC8 /* Build configuration list for PBXNativeTarget "SteamGames" */;
			buildPhases = (
				95D5A60E2A21EFBB006ACBC8 /* Sources */,
				95D5A60F2A21EFBB006ACBC8 /* Frameworks */,
				95D5A6102A21EFBB006ACBC8 /* Resources */,
			);
			buildRules = (
			);
			dependencies = (
			);
			name = SteamGames;
			productName = SteamGames;
			productReference = 95D5A6122A21EFBB006ACBC8 /* SteamGames.app */;
			productType = "com.apple.product-type.application";
		};
/* End PBXNativeTarget section */

/* Begin PBXProject section */
		95D5A60A2A21EFBB006ACBC8 /* Project object */ = {
			isa = PBXProject;
			attributes = {
				BuildIndependentTargetsInParallel = 1;
				LastSwiftUpdateCheck = 1420;
				LastUpgradeCheck = 1420;
				TargetAttributes = {
					95D5A6112A21EFBB006ACBC8 = {
						CreatedOnToolsVersion = 14.2;
					};
				};
			};
			buildConfigurationList = 95D5A60D2A21EFBB006ACBC8 /* Build configuration list for PBXProject "SteamGames" */;
			compatibilityVersion = "Xcode 14.0";
			developmentRegion = en;
			hasScannedForEncodings = 0;
			knownRegions = (
				en,
				Base,
			);
			mainGroup = 95D5A6092A21EFBB006ACBC8;
			productRefGroup = 95D5A6132A21EFBB006ACBC8 /* Products */;
			projectDirPath = "";
			projectRoot = "";
			targets = (
				95D5A6112A21EFBB006ACBC8 /* SteamGames */,
			);
		};
/* End PBXProject section */

/* Begin PBXResourcesBuildPhase section */
		95D5A6102A21EFBB006ACBC8 /* Resources */ = {
			isa = PBXResourcesBuildPhase;
			buildActionMask = 2147483647;
			files = (
				95D5A6222A21EFBC006ACBC8 /* LaunchScreen.storyboard in Resources */,
				95D5A61F2A21EFBC006ACBC8 /* Assets.xcassets in Resources */,
			);
			runOnlyForDeploymentPostprocessing = 0;
		};
/* End PBXResourcesBuildPhase section */

/* Begin PBXSourcesBuildPhase section */
		95D5A60E2A21EFBB006ACBC8 /* Sources */ = {
			isa = PBXSourcesBuildPhase;
			buildActionMask = 2147483647;
			files = (
				95D5A6352A22064F006ACBC8 /* ListGamesPresenter.swift in Sources */,
				95D5A61A2A21EFBB006ACBC8 /* ListGamesController.swift in Sources */,
				95D5A63A2A220740006ACBC8 /* AppsResponse.swift in Sources */,
				957BC87C2A2481DB0079B43B /* GameNewsView.swift in Sources */,
				95D5A6162A21EFBB006ACBC8 /* AppDelegate.swift in Sources */,
				95D5A6332A21F827006ACBC8 /* Router.swift in Sources */,
				957BC8772A23CC360079B43B /* AppCell.swift in Sources */,
				957BC8792A23D17E0079B43B /* UITableViewCell+Extension.swift in Sources */,
				95D5A6182A21EFBB006ACBC8 /* SceneDelegate.swift in Sources */,
				957BC87E2A2481E60079B43B /* GameNewsPresenter.swift in Sources */,
				95D5A63C2A220B20006ACBC8 /* NetworkError.swift in Sources */,
				95D5A6312A21F80A006ACBC8 /* ModuleBuilder.swift in Sources */,
				95D5A6372A2206DC006ACBC8 /* NetworkService.swift in Sources */,
			);
			runOnlyForDeploymentPostprocessing = 0;
		};
/* End PBXSourcesBuildPhase section */

/* Begin PBXVariantGroup section */
		95D5A6202A21EFBC006ACBC8 /* LaunchScreen.storyboard */ = {
			isa = PBXVariantGroup;
			children = (
				95D5A6212A21EFBC006ACBC8 /* Base */,
			);
			name = LaunchScreen.storyboard;
			sourceTree = "<group>";
		};
/* End PBXVariantGroup section */

/* Begin XCBuildConfiguration section */
		95D5A6242A21EFBC006ACBC8 /* Debug */ = {
			isa = XCBuildConfiguration;
			buildSettings = {
				ALWAYS_SEARCH_USER_PATHS = NO;
				CLANG_ANALYZER_NONNULL = YES;
				CLANG_ANALYZER_NUMBER_OBJECT_CONVERSION = YES_AGGRESSIVE;
				CLANG_CXX_LANGUAGE_STANDARD = "gnu++20";
				CLANG_ENABLE_MODULES = YES;
				CLANG_ENABLE_OBJC_ARC = YES;
				CLANG_ENABLE_OBJC_WEAK = YES;
				CLANG_WARN_BLOCK_CAPTURE_AUTORELEASING = YES;
				CLANG_WARN_BOOL_CONVERSION = YES;
				CLANG_WARN_COMMA = YES;
				CLANG_WARN_CONSTANT_CONVERSION = YES;
				CLANG_WARN_DEPRECATED_OBJC_IMPLEMENTATIONS = YES;
				CLANG_WARN_DIRECT_OBJC_ISA_USAGE = YES_ERROR;
				CLANG_WARN_DOCUMENTATION_COMMENTS = YES;
				CLANG_WARN_EMPTY_BODY = YES;
				CLANG_WARN_ENUM_CONVERSION = YES;
				CLANG_WARN_INFINITE_RECURSION = YES;
				CLANG_WARN_INT_CONVERSION = YES;
				CLANG_WARN_NON_LITERAL_NULL_CONVERSION = YES;
				CLANG_WARN_OBJC_IMPLICIT_RETAIN_SELF = YES;
				CLANG_WARN_OBJC_LITERAL_CONVERSION = YES;
				CLANG_WARN_OBJC_ROOT_CLASS = YES_ERROR;
				CLANG_WARN_QUOTED_INCLUDE_IN_FRAMEWORK_HEADER = YES;
				CLANG_WARN_RANGE_LOOP_ANALYSIS = YES;
				CLANG_WARN_STRICT_PROTOTYPES = YES;
				CLANG_WARN_SUSPICIOUS_MOVE = YES;
				CLANG_WARN_UNGUARDED_AVAILABILITY = YES_AGGRESSIVE;
				CLANG_WARN_UNREACHABLE_CODE = YES;
				CLANG_WARN__DUPLICATE_METHOD_MATCH = YES;
				COPY_PHASE_STRIP = NO;
				DEBUG_INFORMATION_FORMAT = dwarf;
				ENABLE_STRICT_OBJC_MSGSEND = YES;
				ENABLE_TESTABILITY = YES;
				GCC_C_LANGUAGE_STANDARD = gnu11;
				GCC_DYNAMIC_NO_PIC = NO;
				GCC_NO_COMMON_BLOCKS = YES;
				GCC_OPTIMIZATION_LEVEL = 0;
				GCC_PREPROCESSOR_DEFINITIONS = (
					"DEBUG=1",
					"$(inherited)",
				);
				GCC_WARN_64_TO_32_BIT_CONVERSION = YES;
				GCC_WARN_ABOUT_RETURN_TYPE = YES_ERROR;
				GCC_WARN_UNDECLARED_SELECTOR = YES;
				GCC_WARN_UNINITIALIZED_AUTOS = YES_AGGRESSIVE;
				GCC_WARN_UNUSED_FUNCTION = YES;
				GCC_WARN_UNUSED_VARIABLE = YES;
				IPHONEOS_DEPLOYMENT_TARGET = 16.2;
				MTL_ENABLE_DEBUG_INFO = INCLUDE_SOURCE;
				MTL_FAST_MATH = YES;
				ONLY_ACTIVE_ARCH = YES;
				SDKROOT = iphoneos;
				SWIFT_ACTIVE_COMPILATION_CONDITIONS = DEBUG;
				SWIFT_OPTIMIZATION_LEVEL = "-Onone";
			};
			name = Debug;
		};
		95D5A6252A21EFBC006ACBC8 /* Release */ = {
			isa = XCBuildConfiguration;
			buildSettings = {
				ALWAYS_SEARCH_USER_PATHS = NO;
				CLANG_ANALYZER_NONNULL = YES;
				CLANG_ANALYZER_NUMBER_OBJECT_CONVERSION = YES_AGGRESSIVE;
				CLANG_CXX_LANGUAGE_STANDARD = "gnu++20";
				CLANG_ENABLE_MODULES = YES;
				CLANG_ENABLE_OBJC_ARC = YES;
				CLANG_ENABLE_OBJC_WEAK = YES;
				CLANG_WARN_BLOCK_CAPTURE_AUTORELEASING = YES;
				CLANG_WARN_BOOL_CONVERSION = YES;
				CLANG_WARN_COMMA = YES;
				CLANG_WARN_CONSTANT_CONVERSION = YES;
				CLANG_WARN_DEPRECATED_OBJC_IMPLEMENTATIONS = YES;
				CLANG_WARN_DIRECT_OBJC_ISA_USAGE = YES_ERROR;
				CLANG_WARN_DOCUMENTATION_COMMENTS = YES;
				CLANG_WARN_EMPTY_BODY = YES;
				CLANG_WARN_ENUM_CONVERSION = YES;
				CLANG_WARN_INFINITE_RECURSION = YES;
				CLANG_WARN_INT_CONVERSION = YES;
				CLANG_WARN_NON_LITERAL_NULL_CONVERSION = YES;
				CLANG_WARN_OBJC_IMPLICIT_RETAIN_SELF = YES;
				CLANG_WARN_OBJC_LITERAL_CONVERSION = YES;
				CLANG_WARN_OBJC_ROOT_CLASS = YES_ERROR;
				CLANG_WARN_QUOTED_INCLUDE_IN_FRAMEWORK_HEADER = YES;
				CLANG_WARN_RANGE_LOOP_ANALYSIS = YES;
				CLANG_WARN_STRICT_PROTOTYPES = YES;
				CLANG_WARN_SUSPICIOUS_MOVE = YES;
				CLANG_WARN_UNGUARDED_AVAILABILITY = YES_AGGRESSIVE;
				CLANG_WARN_UNREACHABLE_CODE = YES;
				CLANG_WARN__DUPLICATE_METHOD_MATCH = YES;
				COPY_PHASE_STRIP = NO;
				DEBUG_INFORMATION_FORMAT = "dwarf-with-dsym";
				ENABLE_NS_ASSERTIONS = NO;
				ENABLE_STRICT_OBJC_MSGSEND = YES;
				GCC_C_LANGUAGE_STANDARD = gnu11;
				GCC_NO_COMMON_BLOCKS = YES;
				GCC_WARN_64_TO_32_BIT_CONVERSION = YES;
				GCC_WARN_ABOUT_RETURN_TYPE = YES_ERROR;
				GCC_WARN_UNDECLARED_SELECTOR = YES;
				GCC_WARN_UNINITIALIZED_AUTOS = YES_AGGRESSIVE;
				GCC_WARN_UNUSED_FUNCTION = YES;
				GCC_WARN_UNUSED_VARIABLE = YES;
				IPHONEOS_DEPLOYMENT_TARGET = 16.2;
				MTL_ENABLE_DEBUG_INFO = NO;
				MTL_FAST_MATH = YES;
				SDKROOT = iphoneos;
				SWIFT_COMPILATION_MODE = wholemodule;
				SWIFT_OPTIMIZATION_LEVEL = "-O";
				VALIDATE_PRODUCT = YES;
			};
			name = Release;
		};
		95D5A6272A21EFBC006ACBC8 /* Debug */ = {
			isa = XCBuildConfiguration;
			buildSettings = {
				ASSETCATALOG_COMPILER_APPICON_NAME = AppIcon;
				ASSETCATALOG_COMPILER_GLOBAL_ACCENT_COLOR_NAME = AccentColor;
				CODE_SIGN_STYLE = Automatic;
				CURRENT_PROJECT_VERSION = 1;
				DEVELOPMENT_TEAM = 9JR25TA593;
				GENERATE_INFOPLIST_FILE = YES;
				INFOPLIST_FILE = SteamGames/Resource/Info.plist;
				INFOPLIST_KEY_UIApplicationSupportsIndirectInputEvents = YES;
				INFOPLIST_KEY_UILaunchStoryboardName = LaunchScreen;
				INFOPLIST_KEY_UIMainStoryboardFile = "";
				INFOPLIST_KEY_UISupportedInterfaceOrientations_iPad = "UIInterfaceOrientationPortrait UIInterfaceOrientationPortraitUpsideDown UIInterfaceOrientationLandscapeLeft UIInterfaceOrientationLandscapeRight";
				INFOPLIST_KEY_UISupportedInterfaceOrientations_iPhone = "UIInterfaceOrientationPortrait UIInterfaceOrientationLandscapeLeft UIInterfaceOrientationLandscapeRight";
				LD_RUNPATH_SEARCH_PATHS = (
					"$(inherited)",
					"@executable_path/Frameworks",
				);
				MARKETING_VERSION = 1.0;
				PRODUCT_BUNDLE_IDENTIFIER = com.apps.SteamGames;
				PRODUCT_NAME = "$(TARGET_NAME)";
				SWIFT_EMIT_LOC_STRINGS = YES;
				SWIFT_VERSION = 5.0;
				TARGETED_DEVICE_FAMILY = "1,2";
			};
			name = Debug;
		};
		95D5A6282A21EFBC006ACBC8 /* Release */ = {
			isa = XCBuildConfiguration;
			buildSettings = {
				ASSETCATALOG_COMPILER_APPICON_NAME = AppIcon;
				ASSETCATALOG_COMPILER_GLOBAL_ACCENT_COLOR_NAME = AccentColor;
				CODE_SIGN_STYLE = Automatic;
				CURRENT_PROJECT_VERSION = 1;
				DEVELOPMENT_TEAM = 9JR25TA593;
				GENERATE_INFOPLIST_FILE = YES;
				INFOPLIST_FILE = SteamGames/Resource/Info.plist;
				INFOPLIST_KEY_UIApplicationSupportsIndirectInputEvents = YES;
				INFOPLIST_KEY_UILaunchStoryboardName = LaunchScreen;
				INFOPLIST_KEY_UIMainStoryboardFile = "";
				INFOPLIST_KEY_UISupportedInterfaceOrientations_iPad = "UIInterfaceOrientationPortrait UIInterfaceOrientationPortraitUpsideDown UIInterfaceOrientationLandscapeLeft UIInterfaceOrientationLandscapeRight";
				INFOPLIST_KEY_UISupportedInterfaceOrientations_iPhone = "UIInterfaceOrientationPortrait UIInterfaceOrientationLandscapeLeft UIInterfaceOrientationLandscapeRight";
				LD_RUNPATH_SEARCH_PATHS = (
					"$(inherited)",
					"@executable_path/Frameworks",
				);
				MARKETING_VERSION = 1.0;
				PRODUCT_BUNDLE_IDENTIFIER = com.apps.SteamGames;
				PRODUCT_NAME = "$(TARGET_NAME)";
				SWIFT_EMIT_LOC_STRINGS = YES;
				SWIFT_VERSION = 5.0;
				TARGETED_DEVICE_FAMILY = "1,2";
			};
			name = Release;
		};
/* End XCBuildConfiguration section */

/* Begin XCConfigurationList section */
		95D5A60D2A21EFBB006ACBC8 /* Build configuration list for PBXProject "SteamGames" */ = {
			isa = XCConfigurationList;
			buildConfigurations = (
				95D5A6242A21EFBC006ACBC8 /* Debug */,
				95D5A6252A21EFBC006ACBC8 /* Release */,
			);
			defaultConfigurationIsVisible = 0;
			defaultConfigurationName = Release;
		};
		95D5A6262A21EFBC006ACBC8 /* Build configuration list for PBXNativeTarget "SteamGames" */ = {
			isa = XCConfigurationList;
			buildConfigurations = (
				95D5A6272A21EFBC006ACBC8 /* Debug */,
				95D5A6282A21EFBC006ACBC8 /* Release */,
			);
			defaultConfigurationIsVisible = 0;
			defaultConfigurationName = Release;
		};
/* End XCConfigurationList section */
	};
	rootObject = 95D5A60A2A21EFBB006ACBC8 /* Project object */;
}
